// !$*UTF8*$!
{
	archiveVersion = 1;
	classes = {
	};
	objectVersion = 46;
	objects = {

/* Begin PBXBuildFile section */
		432D80601A187610005E9608 /* IASKAppSettingsViewController.m in Sources */ = {isa = PBXBuildFile; fileRef = 432D80331A18760F005E9608 /* IASKAppSettingsViewController.m */; };
		432D80611A187610005E9608 /* IASKAppSettingsWebViewController.m in Sources */ = {isa = PBXBuildFile; fileRef = 432D80351A18760F005E9608 /* IASKAppSettingsWebViewController.m */; };
		432D80621A187610005E9608 /* IASKSpecifierValuesViewController.m in Sources */ = {isa = PBXBuildFile; fileRef = 432D80371A18760F005E9608 /* IASKSpecifierValuesViewController.m */; };
		432D80631A187610005E9608 /* IASKSettingsReader.m in Sources */ = {isa = PBXBuildFile; fileRef = 432D803B1A18760F005E9608 /* IASKSettingsReader.m */; };
		432D80641A187610005E9608 /* IASKSettingsStore.m in Sources */ = {isa = PBXBuildFile; fileRef = 432D803D1A18760F005E9608 /* IASKSettingsStore.m */; };
		432D80651A187610005E9608 /* IASKSettingsStoreFile.m in Sources */ = {isa = PBXBuildFile; fileRef = 432D803F1A187610005E9608 /* IASKSettingsStoreFile.m */; };
		432D80661A187610005E9608 /* IASKSettingsStoreUserDefaults.m in Sources */ = {isa = PBXBuildFile; fileRef = 432D80411A187610005E9608 /* IASKSettingsStoreUserDefaults.m */; };
		432D80671A187610005E9608 /* IASKSpecifier.m in Sources */ = {isa = PBXBuildFile; fileRef = 432D80431A187610005E9608 /* IASKSpecifier.m */; };
		432D80681A187610005E9608 /* IASKLocalizable.strings in Resources */ = {isa = PBXBuildFile; fileRef = 432D80451A187610005E9608 /* IASKLocalizable.strings */; };
		432D80691A187610005E9608 /* IASKPSSliderSpecifierViewCell.m in Sources */ = {isa = PBXBuildFile; fileRef = 432D80571A187610005E9608 /* IASKPSSliderSpecifierViewCell.m */; };
		432D806A1A187610005E9608 /* IASKPSTextFieldSpecifierViewCell.m in Sources */ = {isa = PBXBuildFile; fileRef = 432D80591A187610005E9608 /* IASKPSTextFieldSpecifierViewCell.m */; };
		432D806B1A187610005E9608 /* IASKSlider.m in Sources */ = {isa = PBXBuildFile; fileRef = 432D805B1A187610005E9608 /* IASKSlider.m */; };
		432D806C1A187610005E9608 /* IASKSwitch.m in Sources */ = {isa = PBXBuildFile; fileRef = 432D805D1A187610005E9608 /* IASKSwitch.m */; };
		432D806D1A187610005E9608 /* IASKTextField.m in Sources */ = {isa = PBXBuildFile; fileRef = 432D805F1A187610005E9608 /* IASKTextField.m */; };
		432D806F1A1876B2005E9608 /* Settings.bundle in Resources */ = {isa = PBXBuildFile; fileRef = 432D806E1A1876B2005E9608 /* Settings.bundle */; };
		43CB45AC19C8D0EE0054FD8A /* Foundation.framework in Frameworks */ = {isa = PBXBuildFile; fileRef = 43CB45AB19C8D0EE0054FD8A /* Foundation.framework */; };
		43CB45AE19C8D0EE0054FD8A /* CoreGraphics.framework in Frameworks */ = {isa = PBXBuildFile; fileRef = 43CB45AD19C8D0EE0054FD8A /* CoreGraphics.framework */; };
		43CB45B019C8D0EE0054FD8A /* UIKit.framework in Frameworks */ = {isa = PBXBuildFile; fileRef = 43CB45AF19C8D0EE0054FD8A /* UIKit.framework */; };
		43CB45B619C8D0EE0054FD8A /* InfoPlist.strings in Resources */ = {isa = PBXBuildFile; fileRef = 43CB45B419C8D0EE0054FD8A /* InfoPlist.strings */; };
		43CB45B819C8D0EE0054FD8A /* main.m in Sources */ = {isa = PBXBuildFile; fileRef = 43CB45B719C8D0EE0054FD8A /* main.m */; };
		43CB45BC19C8D0EE0054FD8A /* AppDelegate.m in Sources */ = {isa = PBXBuildFile; fileRef = 43CB45BB19C8D0EE0054FD8A /* AppDelegate.m */; };
		43CB45BF19C8D0EE0054FD8A /* Main.storyboard in Resources */ = {isa = PBXBuildFile; fileRef = 43CB45BD19C8D0EE0054FD8A /* Main.storyboard */; };
		43CB45C719C8D0EE0054FD8A /* Images.xcassets in Resources */ = {isa = PBXBuildFile; fileRef = 43CB45C619C8D0EE0054FD8A /* Images.xcassets */; };
		43CB45CE19C8D0EE0054FD8A /* XCTest.framework in Frameworks */ = {isa = PBXBuildFile; fileRef = 43CB45CD19C8D0EE0054FD8A /* XCTest.framework */; };
		43CB45CF19C8D0EE0054FD8A /* Foundation.framework in Frameworks */ = {isa = PBXBuildFile; fileRef = 43CB45AB19C8D0EE0054FD8A /* Foundation.framework */; };
		43CB45D019C8D0EE0054FD8A /* UIKit.framework in Frameworks */ = {isa = PBXBuildFile; fileRef = 43CB45AF19C8D0EE0054FD8A /* UIKit.framework */; };
		43CB45D819C8D0EE0054FD8A /* InfoPlist.strings in Resources */ = {isa = PBXBuildFile; fileRef = 43CB45D619C8D0EE0054FD8A /* InfoPlist.strings */; };
		43CB45DA19C8D0EE0054FD8A /* Spoiler_IOSTests.m in Sources */ = {isa = PBXBuildFile; fileRef = 43CB45D919C8D0EE0054FD8A /* Spoiler_IOSTests.m */; };
		E818116519D0F78100D3B5EB /* Log.m in Sources */ = {isa = PBXBuildFile; fileRef = E818116419D0F78100D3B5EB /* Log.m */; };
		E890AB7B1A17F65400750455 /* LogViewController.m in Sources */ = {isa = PBXBuildFile; fileRef = E890AB781A17F65400750455 /* LogViewController.m */; };
		E890AB7C1A17F65400750455 /* SpeedMonitorViewController.m in Sources */ = {isa = PBXBuildFile; fileRef = E890AB7A1A17F65400750455 /* SpeedMonitorViewController.m */; };
		E8A2CA461AAE040000962A08 /* LogViewerController.m in Sources */ = {isa = PBXBuildFile; fileRef = E8A2CA451AAE040000962A08 /* LogViewerController.m */; };
		E8A2CA491AAE126E00962A08 /* SharedData.m in Sources */ = {isa = PBXBuildFile; fileRef = E8A2CA481AAE126E00962A08 /* SharedData.m */; };
/* End PBXBuildFile section */

/* Begin PBXContainerItemProxy section */
		43CB45D119C8D0EE0054FD8A /* PBXContainerItemProxy */ = {
			isa = PBXContainerItemProxy;
			containerPortal = 43CB45A019C8D0EE0054FD8A /* Project object */;
			proxyType = 1;
			remoteGlobalIDString = 43CB45A719C8D0EE0054FD8A;
			remoteInfo = Spoiler_IOS;
		};
/* End PBXContainerItemProxy section */

/* Begin PBXFileReference section */
		432D80321A18760F005E9608 /* IASKAppSettingsViewController.h */ = {isa = PBXFileReference; fileEncoding = 4; lastKnownFileType = sourcecode.c.h; path = IASKAppSettingsViewController.h; sourceTree = "<group>"; };
		432D80331A18760F005E9608 /* IASKAppSettingsViewController.m */ = {isa = PBXFileReference; fileEncoding = 4; lastKnownFileType = sourcecode.c.objc; path = IASKAppSettingsViewController.m; sourceTree = "<group>"; };
		432D80341A18760F005E9608 /* IASKAppSettingsWebViewController.h */ = {isa = PBXFileReference; fileEncoding = 4; lastKnownFileType = sourcecode.c.h; path = IASKAppSettingsWebViewController.h; sourceTree = "<group>"; };
		432D80351A18760F005E9608 /* IASKAppSettingsWebViewController.m */ = {isa = PBXFileReference; fileEncoding = 4; lastKnownFileType = sourcecode.c.objc; path = IASKAppSettingsWebViewController.m; sourceTree = "<group>"; };
		432D80361A18760F005E9608 /* IASKSpecifierValuesViewController.h */ = {isa = PBXFileReference; fileEncoding = 4; lastKnownFileType = sourcecode.c.h; path = IASKSpecifierValuesViewController.h; sourceTree = "<group>"; };
		432D80371A18760F005E9608 /* IASKSpecifierValuesViewController.m */ = {isa = PBXFileReference; fileEncoding = 4; lastKnownFileType = sourcecode.c.objc; path = IASKSpecifierValuesViewController.m; sourceTree = "<group>"; };
		432D80381A18760F005E9608 /* IASKViewController.h */ = {isa = PBXFileReference; fileEncoding = 4; lastKnownFileType = sourcecode.c.h; path = IASKViewController.h; sourceTree = "<group>"; };
		432D803A1A18760F005E9608 /* IASKSettingsReader.h */ = {isa = PBXFileReference; fileEncoding = 4; lastKnownFileType = sourcecode.c.h; path = IASKSettingsReader.h; sourceTree = "<group>"; };
		432D803B1A18760F005E9608 /* IASKSettingsReader.m */ = {isa = PBXFileReference; fileEncoding = 4; lastKnownFileType = sourcecode.c.objc; path = IASKSettingsReader.m; sourceTree = "<group>"; };
		432D803C1A18760F005E9608 /* IASKSettingsStore.h */ = {isa = PBXFileReference; fileEncoding = 4; lastKnownFileType = sourcecode.c.h; path = IASKSettingsStore.h; sourceTree = "<group>"; };
		432D803D1A18760F005E9608 /* IASKSettingsStore.m */ = {isa = PBXFileReference; fileEncoding = 4; lastKnownFileType = sourcecode.c.objc; path = IASKSettingsStore.m; sourceTree = "<group>"; };
		432D803E1A18760F005E9608 /* IASKSettingsStoreFile.h */ = {isa = PBXFileReference; fileEncoding = 4; lastKnownFileType = sourcecode.c.h; path = IASKSettingsStoreFile.h; sourceTree = "<group>"; };
		432D803F1A187610005E9608 /* IASKSettingsStoreFile.m */ = {isa = PBXFileReference; fileEncoding = 4; lastKnownFileType = sourcecode.c.objc; path = IASKSettingsStoreFile.m; sourceTree = "<group>"; };
		432D80401A187610005E9608 /* IASKSettingsStoreUserDefaults.h */ = {isa = PBXFileReference; fileEncoding = 4; lastKnownFileType = sourcecode.c.h; path = IASKSettingsStoreUserDefaults.h; sourceTree = "<group>"; };
		432D80411A187610005E9608 /* IASKSettingsStoreUserDefaults.m */ = {isa = PBXFileReference; fileEncoding = 4; lastKnownFileType = sourcecode.c.objc; path = IASKSettingsStoreUserDefaults.m; sourceTree = "<group>"; };
		432D80421A187610005E9608 /* IASKSpecifier.h */ = {isa = PBXFileReference; fileEncoding = 4; lastKnownFileType = sourcecode.c.h; path = IASKSpecifier.h; sourceTree = "<group>"; };
		432D80431A187610005E9608 /* IASKSpecifier.m */ = {isa = PBXFileReference; fileEncoding = 4; lastKnownFileType = sourcecode.c.objc; path = IASKSpecifier.m; sourceTree = "<group>"; };
		432D80461A187610005E9608 /* Base */ = {isa = PBXFileReference; lastKnownFileType = text.plist.strings; name = Base; path = Base.lproj/IASKLocalizable.strings; sourceTree = "<group>"; };
		432D80471A187610005E9608 /* de */ = {isa = PBXFileReference; lastKnownFileType = text.plist.strings; name = de; path = de.lproj/IASKLocalizable.strings; sourceTree = "<group>"; };
		432D80481A187610005E9608 /* el */ = {isa = PBXFileReference; lastKnownFileType = text.plist.strings; name = el; path = el.lproj/IASKLocalizable.strings; sourceTree = "<group>"; };
		432D80491A187610005E9608 /* en */ = {isa = PBXFileReference; lastKnownFileType = text.plist.strings; name = en; path = en.lproj/IASKLocalizable.strings; sourceTree = "<group>"; };
		432D804A1A187610005E9608 /* es */ = {isa = PBXFileReference; lastKnownFileType = text.plist.strings; name = es; path = es.lproj/IASKLocalizable.strings; sourceTree = "<group>"; };
		432D804B1A187610005E9608 /* fr */ = {isa = PBXFileReference; lastKnownFileType = text.plist.strings; name = fr; path = fr.lproj/IASKLocalizable.strings; sourceTree = "<group>"; };
		432D804C1A187610005E9608 /* it */ = {isa = PBXFileReference; lastKnownFileType = text.plist.strings; name = it; path = it.lproj/IASKLocalizable.strings; sourceTree = "<group>"; };
		432D804D1A187610005E9608 /* ja */ = {isa = PBXFileReference; lastKnownFileType = text.plist.strings; name = ja; path = ja.lproj/IASKLocalizable.strings; sourceTree = "<group>"; };
		432D804E1A187610005E9608 /* nl */ = {isa = PBXFileReference; lastKnownFileType = text.plist.strings; name = nl; path = nl.lproj/IASKLocalizable.strings; sourceTree = "<group>"; };
		432D804F1A187610005E9608 /* pt-PT */ = {isa = PBXFileReference; lastKnownFileType = text.plist.strings; name = "pt-PT"; path = "pt-PT.lproj/IASKLocalizable.strings"; sourceTree = "<group>"; };
		432D80501A187610005E9608 /* pt */ = {isa = PBXFileReference; lastKnownFileType = text.plist.strings; name = pt; path = pt.lproj/IASKLocalizable.strings; sourceTree = "<group>"; };
		432D80511A187610005E9608 /* ru */ = {isa = PBXFileReference; lastKnownFileType = text.plist.strings; name = ru; path = ru.lproj/IASKLocalizable.strings; sourceTree = "<group>"; };
		432D80521A187610005E9608 /* sv */ = {isa = PBXFileReference; lastKnownFileType = text.plist.strings; name = sv; path = sv.lproj/IASKLocalizable.strings; sourceTree = "<group>"; };
		432D80531A187610005E9608 /* th */ = {isa = PBXFileReference; lastKnownFileType = text.plist.strings; name = th; path = th.lproj/IASKLocalizable.strings; sourceTree = "<group>"; };
		432D80541A187610005E9608 /* tr */ = {isa = PBXFileReference; lastKnownFileType = text.plist.strings; name = tr; path = tr.lproj/IASKLocalizable.strings; sourceTree = "<group>"; };
		432D80561A187610005E9608 /* IASKPSSliderSpecifierViewCell.h */ = {isa = PBXFileReference; fileEncoding = 4; lastKnownFileType = sourcecode.c.h; path = IASKPSSliderSpecifierViewCell.h; sourceTree = "<group>"; };
		432D80571A187610005E9608 /* IASKPSSliderSpecifierViewCell.m */ = {isa = PBXFileReference; fileEncoding = 4; lastKnownFileType = sourcecode.c.objc; path = IASKPSSliderSpecifierViewCell.m; sourceTree = "<group>"; };
		432D80581A187610005E9608 /* IASKPSTextFieldSpecifierViewCell.h */ = {isa = PBXFileReference; fileEncoding = 4; lastKnownFileType = sourcecode.c.h; path = IASKPSTextFieldSpecifierViewCell.h; sourceTree = "<group>"; };
		432D80591A187610005E9608 /* IASKPSTextFieldSpecifierViewCell.m */ = {isa = PBXFileReference; fileEncoding = 4; lastKnownFileType = sourcecode.c.objc; path = IASKPSTextFieldSpecifierViewCell.m; sourceTree = "<group>"; };
		432D805A1A187610005E9608 /* IASKSlider.h */ = {isa = PBXFileReference; fileEncoding = 4; lastKnownFileType = sourcecode.c.h; path = IASKSlider.h; sourceTree = "<group>"; };
		432D805B1A187610005E9608 /* IASKSlider.m */ = {isa = PBXFileReference; fileEncoding = 4; lastKnownFileType = sourcecode.c.objc; path = IASKSlider.m; sourceTree = "<group>"; };
		432D805C1A187610005E9608 /* IASKSwitch.h */ = {isa = PBXFileReference; fileEncoding = 4; lastKnownFileType = sourcecode.c.h; path = IASKSwitch.h; sourceTree = "<group>"; };
		432D805D1A187610005E9608 /* IASKSwitch.m */ = {isa = PBXFileReference; fileEncoding = 4; lastKnownFileType = sourcecode.c.objc; path = IASKSwitch.m; sourceTree = "<group>"; };
		432D805E1A187610005E9608 /* IASKTextField.h */ = {isa = PBXFileReference; fileEncoding = 4; lastKnownFileType = sourcecode.c.h; path = IASKTextField.h; sourceTree = "<group>"; };
		432D805F1A187610005E9608 /* IASKTextField.m */ = {isa = PBXFileReference; fileEncoding = 4; lastKnownFileType = sourcecode.c.objc; path = IASKTextField.m; sourceTree = "<group>"; };
		432D806E1A1876B2005E9608 /* Settings.bundle */ = {isa = PBXFileReference; lastKnownFileType = "wrapper.plug-in"; name = Settings.bundle; path = Spoiler_IOS/Resources/Settings.bundle; sourceTree = "<group>"; };
		43CB45A819C8D0EE0054FD8A /* Spoiler_IOS.app */ = {isa = PBXFileReference; explicitFileType = wrapper.application; includeInIndex = 0; path = Spoiler_IOS.app; sourceTree = BUILT_PRODUCTS_DIR; };
		43CB45AB19C8D0EE0054FD8A /* Foundation.framework */ = {isa = PBXFileReference; lastKnownFileType = wrapper.framework; name = Foundation.framework; path = System/Library/Frameworks/Foundation.framework; sourceTree = SDKROOT; };
		43CB45AD19C8D0EE0054FD8A /* CoreGraphics.framework */ = {isa = PBXFileReference; lastKnownFileType = wrapper.framework; name = CoreGraphics.framework; path = System/Library/Frameworks/CoreGraphics.framework; sourceTree = SDKROOT; };
		43CB45AF19C8D0EE0054FD8A /* UIKit.framework */ = {isa = PBXFileReference; lastKnownFileType = wrapper.framework; name = UIKit.framework; path = System/Library/Frameworks/UIKit.framework; sourceTree = SDKROOT; };
		43CB45B319C8D0EE0054FD8A /* Spoiler_IOS-Info.plist */ = {isa = PBXFileReference; lastKnownFileType = text.plist.xml; path = "Spoiler_IOS-Info.plist"; sourceTree = "<group>"; };
		43CB45B519C8D0EE0054FD8A /* en */ = {isa = PBXFileReference; lastKnownFileType = text.plist.strings; name = en; path = en.lproj/InfoPlist.strings; sourceTree = "<group>"; };
		43CB45B719C8D0EE0054FD8A /* main.m */ = {isa = PBXFileReference; lastKnownFileType = sourcecode.c.objc; path = main.m; sourceTree = "<group>"; };
		43CB45B919C8D0EE0054FD8A /* Spoiler_IOS-Prefix.pch */ = {isa = PBXFileReference; lastKnownFileType = sourcecode.c.h; path = "Spoiler_IOS-Prefix.pch"; sourceTree = "<group>"; };
		43CB45BA19C8D0EE0054FD8A /* AppDelegate.h */ = {isa = PBXFileReference; lastKnownFileType = sourcecode.c.h; path = AppDelegate.h; sourceTree = "<group>"; };
		43CB45BB19C8D0EE0054FD8A /* AppDelegate.m */ = {isa = PBXFileReference; lastKnownFileType = sourcecode.c.objc; path = AppDelegate.m; sourceTree = "<group>"; };
		43CB45BE19C8D0EE0054FD8A /* Base */ = {isa = PBXFileReference; lastKnownFileType = file.storyboard; name = Base; path = Base.lproj/Main.storyboard; sourceTree = "<group>"; };
		43CB45C619C8D0EE0054FD8A /* Images.xcassets */ = {isa = PBXFileReference; lastKnownFileType = folder.assetcatalog; path = Images.xcassets; sourceTree = "<group>"; };
		43CB45CC19C8D0EE0054FD8A /* Spoiler_IOSTests.xctest */ = {isa = PBXFileReference; explicitFileType = wrapper.cfbundle; includeInIndex = 0; path = Spoiler_IOSTests.xctest; sourceTree = BUILT_PRODUCTS_DIR; };
		43CB45CD19C8D0EE0054FD8A /* XCTest.framework */ = {isa = PBXFileReference; lastKnownFileType = wrapper.framework; name = XCTest.framework; path = Library/Frameworks/XCTest.framework; sourceTree = DEVELOPER_DIR; };
		43CB45D519C8D0EE0054FD8A /* Spoiler_IOSTests-Info.plist */ = {isa = PBXFileReference; lastKnownFileType = text.plist.xml; path = "Spoiler_IOSTests-Info.plist"; sourceTree = "<group>"; };
		43CB45D719C8D0EE0054FD8A /* en */ = {isa = PBXFileReference; lastKnownFileType = text.plist.strings; name = en; path = en.lproj/InfoPlist.strings; sourceTree = "<group>"; };
		43CB45D919C8D0EE0054FD8A /* Spoiler_IOSTests.m */ = {isa = PBXFileReference; lastKnownFileType = sourcecode.c.objc; path = Spoiler_IOSTests.m; sourceTree = "<group>"; };
		E818116319D0F78100D3B5EB /* Log.h */ = {isa = PBXFileReference; fileEncoding = 4; lastKnownFileType = sourcecode.c.h; path = Log.h; sourceTree = "<group>"; };
		E818116419D0F78100D3B5EB /* Log.m */ = {isa = PBXFileReference; fileEncoding = 4; lastKnownFileType = sourcecode.c.objc; path = Log.m; sourceTree = "<group>"; };
		E858ED891A8D313000AD7D1B /* Vars.h */ = {isa = PBXFileReference; lastKnownFileType = sourcecode.c.h; path = Vars.h; sourceTree = "<group>"; };
		E890AB771A17F65400750455 /* LogViewController.h */ = {isa = PBXFileReference; fileEncoding = 4; lastKnownFileType = sourcecode.c.h; path = LogViewController.h; sourceTree = "<group>"; };
		E890AB781A17F65400750455 /* LogViewController.m */ = {isa = PBXFileReference; fileEncoding = 4; lastKnownFileType = sourcecode.c.objc; path = LogViewController.m; sourceTree = "<group>"; };
		E890AB791A17F65400750455 /* SpeedMonitorViewController.h */ = {isa = PBXFileReference; fileEncoding = 4; lastKnownFileType = sourcecode.c.h; path = SpeedMonitorViewController.h; sourceTree = "<group>"; };
		E890AB7A1A17F65400750455 /* SpeedMonitorViewController.m */ = {isa = PBXFileReference; fileEncoding = 4; lastKnownFileType = sourcecode.c.objc; path = SpeedMonitorViewController.m; sourceTree = "<group>"; };
		E8A2CA441AAE040000962A08 /* LogViewerController.h */ = {isa = PBXFileReference; fileEncoding = 4; lastKnownFileType = sourcecode.c.h; path = LogViewerController.h; sourceTree = "<group>"; };
		E8A2CA451AAE040000962A08 /* LogViewerController.m */ = {isa = PBXFileReference; fileEncoding = 4; lastKnownFileType = sourcecode.c.objc; path = LogViewerController.m; sourceTree = "<group>"; };
		E8A2CA471AAE125100962A08 /* SharedData.h */ = {isa = PBXFileReference; lastKnownFileType = sourcecode.c.h; path = SharedData.h; sourceTree = "<group>"; };
		E8A2CA481AAE126E00962A08 /* SharedData.m */ = {isa = PBXFileReference; fileEncoding = 4; lastKnownFileType = sourcecode.c.objc; path = SharedData.m; sourceTree = "<group>"; };
/* End PBXFileReference section */

/* Begin PBXFrameworksBuildPhase section */
		43CB45A519C8D0EE0054FD8A /* Frameworks */ = {
			isa = PBXFrameworksBuildPhase;
			buildActionMask = 2147483647;
			files = (
				43CB45AE19C8D0EE0054FD8A /* CoreGraphics.framework in Frameworks */,
				43CB45B019C8D0EE0054FD8A /* UIKit.framework in Frameworks */,
				43CB45AC19C8D0EE0054FD8A /* Foundation.framework in Frameworks */,
			);
			runOnlyForDeploymentPostprocessing = 0;
		};
		43CB45C919C8D0EE0054FD8A /* Frameworks */ = {
			isa = PBXFrameworksBuildPhase;
			buildActionMask = 2147483647;
			files = (
				43CB45CE19C8D0EE0054FD8A /* XCTest.framework in Frameworks */,
				43CB45D019C8D0EE0054FD8A /* UIKit.framework in Frameworks */,
				43CB45CF19C8D0EE0054FD8A /* Foundation.framework in Frameworks */,
			);
			runOnlyForDeploymentPostprocessing = 0;
		};
/* End PBXFrameworksBuildPhase section */

/* Begin PBXGroup section */
		432D802F1A18760F005E9608 /* Resources */ = {
			isa = PBXGroup;
			children = (
				432D80301A18760F005E9608 /* InAppSettingsKit */,
			);
			name = Resources;
			path = Spoiler_IOS/Resources;
			sourceTree = "<group>";
		};
		432D80301A18760F005E9608 /* InAppSettingsKit */ = {
			isa = PBXGroup;
			children = (
				432D80311A18760F005E9608 /* Controllers */,
				432D80391A18760F005E9608 /* Models */,
				432D80441A187610005E9608 /* Resources */,
				432D80551A187610005E9608 /* Views */,
			);
			path = InAppSettingsKit;
			sourceTree = "<group>";
		};
		432D80311A18760F005E9608 /* Controllers */ = {
			isa = PBXGroup;
			children = (
				432D80321A18760F005E9608 /* IASKAppSettingsViewController.h */,
				432D80331A18760F005E9608 /* IASKAppSettingsViewController.m */,
				432D80341A18760F005E9608 /* IASKAppSettingsWebViewController.h */,
				432D80351A18760F005E9608 /* IASKAppSettingsWebViewController.m */,
				432D80361A18760F005E9608 /* IASKSpecifierValuesViewController.h */,
				432D80371A18760F005E9608 /* IASKSpecifierValuesViewController.m */,
				432D80381A18760F005E9608 /* IASKViewController.h */,
			);
			path = Controllers;
			sourceTree = "<group>";
		};
		432D80391A18760F005E9608 /* Models */ = {
			isa = PBXGroup;
			children = (
				432D803A1A18760F005E9608 /* IASKSettingsReader.h */,
				432D803B1A18760F005E9608 /* IASKSettingsReader.m */,
				432D803C1A18760F005E9608 /* IASKSettingsStore.h */,
				432D803D1A18760F005E9608 /* IASKSettingsStore.m */,
				432D803E1A18760F005E9608 /* IASKSettingsStoreFile.h */,
				432D803F1A187610005E9608 /* IASKSettingsStoreFile.m */,
				432D80401A187610005E9608 /* IASKSettingsStoreUserDefaults.h */,
				432D80411A187610005E9608 /* IASKSettingsStoreUserDefaults.m */,
				432D80421A187610005E9608 /* IASKSpecifier.h */,
				432D80431A187610005E9608 /* IASKSpecifier.m */,
			);
			path = Models;
			sourceTree = "<group>";
		};
		432D80441A187610005E9608 /* Resources */ = {
			isa = PBXGroup;
			children = (
				432D80451A187610005E9608 /* IASKLocalizable.strings */,
			);
			path = Resources;
			sourceTree = "<group>";
		};
		432D80551A187610005E9608 /* Views */ = {
			isa = PBXGroup;
			children = (
				432D80561A187610005E9608 /* IASKPSSliderSpecifierViewCell.h */,
				432D80571A187610005E9608 /* IASKPSSliderSpecifierViewCell.m */,
				432D80581A187610005E9608 /* IASKPSTextFieldSpecifierViewCell.h */,
				432D80591A187610005E9608 /* IASKPSTextFieldSpecifierViewCell.m */,
				432D805A1A187610005E9608 /* IASKSlider.h */,
				432D805B1A187610005E9608 /* IASKSlider.m */,
				432D805C1A187610005E9608 /* IASKSwitch.h */,
				432D805D1A187610005E9608 /* IASKSwitch.m */,
				432D805E1A187610005E9608 /* IASKTextField.h */,
				432D805F1A187610005E9608 /* IASKTextField.m */,
			);
			path = Views;
			sourceTree = "<group>";
		};
		43CA76331ACB195B009F52B0 /* Log Viewer */ = {
			isa = PBXGroup;
			children = (
				E8A2CA441AAE040000962A08 /* LogViewerController.h */,
				E8A2CA451AAE040000962A08 /* LogViewerController.m */,
			);
			name = "Log Viewer";
			sourceTree = "<group>";
		};
		43CA76341ACB1977009F52B0 /* Shared Data */ = {
			isa = PBXGroup;
			children = (
				E8A2CA471AAE125100962A08 /* SharedData.h */,
				E8A2CA481AAE126E00962A08 /* SharedData.m */,
			);
			name = "Shared Data";
			sourceTree = "<group>";
		};
		43CB459F19C8D0EE0054FD8A = {
			isa = PBXGroup;
			children = (
				432D806E1A1876B2005E9608 /* Settings.bundle */,
				432D802F1A18760F005E9608 /* Resources */,
				43CB45B119C8D0EE0054FD8A /* Spoiler_IOS */,
				43CB45D319C8D0EE0054FD8A /* Spoiler_IOSTests */,
				43CB45AA19C8D0EE0054FD8A /* Frameworks */,
				43CB45A919C8D0EE0054FD8A /* Products */,
			);
			sourceTree = "<group>";
		};
		43CB45A919C8D0EE0054FD8A /* Products */ = {
			isa = PBXGroup;
			children = (
				43CB45A819C8D0EE0054FD8A /* Spoiler_IOS.app */,
				43CB45CC19C8D0EE0054FD8A /* Spoiler_IOSTests.xctest */,
			);
			name = Products;
			sourceTree = "<group>";
		};
		43CB45AA19C8D0EE0054FD8A /* Frameworks */ = {
			isa = PBXGroup;
			children = (
				43CB45AB19C8D0EE0054FD8A /* Foundation.framework */,
				43CB45AD19C8D0EE0054FD8A /* CoreGraphics.framework */,
				43CB45AF19C8D0EE0054FD8A /* UIKit.framework */,
				43CB45CD19C8D0EE0054FD8A /* XCTest.framework */,
			);
			name = Frameworks;
			sourceTree = "<group>";
		};
		43CB45B119C8D0EE0054FD8A /* Spoiler_IOS */ = {
			isa = PBXGroup;
			children = (
				43DAD5081AA63B1A0081F540 /* Objects */,
				43DAD5071AA63B020081F540 /* View Controllers */,
				43CB45BD19C8D0EE0054FD8A /* Main.storyboard */,
				43CB45C619C8D0EE0054FD8A /* Images.xcassets */,
				43CB45B219C8D0EE0054FD8A /* Supporting Files */,
				E858ED891A8D313000AD7D1B /* Vars.h */,
			);
			path = Spoiler_IOS;
			sourceTree = "<group>";
		};
		43CB45B219C8D0EE0054FD8A /* Supporting Files */ = {
			isa = PBXGroup;
			children = (
				43CB45B319C8D0EE0054FD8A /* Spoiler_IOS-Info.plist */,
				43CB45B419C8D0EE0054FD8A /* InfoPlist.strings */,
				43CB45B719C8D0EE0054FD8A /* main.m */,
				43CB45B919C8D0EE0054FD8A /* Spoiler_IOS-Prefix.pch */,
			);
			name = "Supporting Files";
			sourceTree = "<group>";
		};
		43CB45D319C8D0EE0054FD8A /* Spoiler_IOSTests */ = {
			isa = PBXGroup;
			children = (
				43CB45D919C8D0EE0054FD8A /* Spoiler_IOSTests.m */,
				43CB45D419C8D0EE0054FD8A /* Supporting Files */,
			);
			path = Spoiler_IOSTests;
			sourceTree = "<group>";
		};
		43CB45D419C8D0EE0054FD8A /* Supporting Files */ = {
			isa = PBXGroup;
			children = (
				43CB45D519C8D0EE0054FD8A /* Spoiler_IOSTests-Info.plist */,
				43CB45D619C8D0EE0054FD8A /* InfoPlist.strings */,
			);
			name = "Supporting Files";
			sourceTree = "<group>";
		};
		43DAD5071AA63B020081F540 /* View Controllers */ = {
			isa = PBXGroup;
			children = (
				43DAD50B1AA63B540081F540 /* Speed Monitor */,
				43DAD50C1AA63B680081F540 /* Log View */,
				43CA76331ACB195B009F52B0 /* Log Viewer */,
			);
			name = "View Controllers";
			sourceTree = "<group>";
		};
		43DAD5081AA63B1A0081F540 /* Objects */ = {
			isa = PBXGroup;
			children = (
				43CA76341ACB1977009F52B0 /* Shared Data */,
				43DAD5091AA63B3A0081F540 /* Log */,
				43DAD50A1AA63B420081F540 /* App Delegate */,
			);
			name = Objects;
			sourceTree = "<group>";
		};
		43DAD5091AA63B3A0081F540 /* Log */ = {
			isa = PBXGroup;
			children = (
				E818116319D0F78100D3B5EB /* Log.h */,
				E818116419D0F78100D3B5EB /* Log.m */,
			);
			name = Log;
			sourceTree = "<group>";
		};
		43DAD50A1AA63B420081F540 /* App Delegate */ = {
			isa = PBXGroup;
			children = (
				43CB45BA19C8D0EE0054FD8A /* AppDelegate.h */,
				43CB45BB19C8D0EE0054FD8A /* AppDelegate.m */,
			);
			name = "App Delegate";
			sourceTree = "<group>";
		};
		43DAD50B1AA63B540081F540 /* Speed Monitor */ = {
			isa = PBXGroup;
			children = (
				E890AB7A1A17F65400750455 /* SpeedMonitorViewController.m */,
				E890AB791A17F65400750455 /* SpeedMonitorViewController.h */,
			);
			name = "Speed Monitor";
			sourceTree = "<group>";
		};
		43DAD50C1AA63B680081F540 /* Log View */ = {
			isa = PBXGroup;
			children = (
				E890AB781A17F65400750455 /* LogViewController.m */,
				E890AB771A17F65400750455 /* LogViewController.h */,
			);
			name = "Log View";
			sourceTree = "<group>";
		};
/* End PBXGroup section */

/* Begin PBXNativeTarget section */
		43CB45A719C8D0EE0054FD8A /* Spoiler_IOS */ = {
			isa = PBXNativeTarget;
			buildConfigurationList = 43CB45DD19C8D0EE0054FD8A /* Build configuration list for PBXNativeTarget "Spoiler_IOS" */;
			buildPhases = (
				43CB45A419C8D0EE0054FD8A /* Sources */,
				43CB45A519C8D0EE0054FD8A /* Frameworks */,
				43CB45A619C8D0EE0054FD8A /* Resources */,
			);
			buildRules = (
			);
			dependencies = (
			);
			name = Spoiler_IOS;
			productName = Spoiler_IOS;
			productReference = 43CB45A819C8D0EE0054FD8A /* Spoiler_IOS.app */;
			productType = "com.apple.product-type.application";
		};
		43CB45CB19C8D0EE0054FD8A /* Spoiler_IOSTests */ = {
			isa = PBXNativeTarget;
			buildConfigurationList = 43CB45E019C8D0EE0054FD8A /* Build configuration list for PBXNativeTarget "Spoiler_IOSTests" */;
			buildPhases = (
				43CB45C819C8D0EE0054FD8A /* Sources */,
				43CB45C919C8D0EE0054FD8A /* Frameworks */,
				43CB45CA19C8D0EE0054FD8A /* Resources */,
			);
			buildRules = (
			);
			dependencies = (
				43CB45D219C8D0EE0054FD8A /* PBXTargetDependency */,
			);
			name = Spoiler_IOSTests;
			productName = Spoiler_IOSTests;
			productReference = 43CB45CC19C8D0EE0054FD8A /* Spoiler_IOSTests.xctest */;
			productType = "com.apple.product-type.bundle.unit-test";
		};
/* End PBXNativeTarget section */

/* Begin PBXProject section */
		43CB45A019C8D0EE0054FD8A /* Project object */ = {
			isa = PBXProject;
			attributes = {
				LastUpgradeCheck = 0510;
				ORGANIZATIONNAME = Spoiler;
				TargetAttributes = {
					43CB45CB19C8D0EE0054FD8A = {
						TestTargetID = 43CB45A719C8D0EE0054FD8A;
					};
				};
			};
			buildConfigurationList = 43CB45A319C8D0EE0054FD8A /* Build configuration list for PBXProject "Spoiler_IOS" */;
			compatibilityVersion = "Xcode 3.2";
			developmentRegion = English;
			hasScannedForEncodings = 0;
			knownRegions = (
				en,
				Base,
				de,
				el,
				es,
				fr,
				it,
				ja,
				nl,
				"pt-PT",
				pt,
				ru,
				sv,
				th,
				tr,
			);
			mainGroup = 43CB459F19C8D0EE0054FD8A;
			productRefGroup = 43CB45A919C8D0EE0054FD8A /* Products */;
			projectDirPath = "";
			projectRoot = "";
			targets = (
				43CB45A719C8D0EE0054FD8A /* Spoiler_IOS */,
				43CB45CB19C8D0EE0054FD8A /* Spoiler_IOSTests */,
			);
		};
/* End PBXProject section */

/* Begin PBXResourcesBuildPhase section */
		43CB45A619C8D0EE0054FD8A /* Resources */ = {
			isa = PBXResourcesBuildPhase;
			buildActionMask = 2147483647;
			files = (
				43CB45C719C8D0EE0054FD8A /* Images.xcassets in Resources */,
				432D80681A187610005E9608 /* IASKLocalizable.strings in Resources */,
				432D806F1A1876B2005E9608 /* Settings.bundle in Resources */,
				43CB45B619C8D0EE0054FD8A /* InfoPlist.strings in Resources */,
				43CB45BF19C8D0EE0054FD8A /* Main.storyboard in Resources */,
			);
			runOnlyForDeploymentPostprocessing = 0;
		};
		43CB45CA19C8D0EE0054FD8A /* Resources */ = {
			isa = PBXResourcesBuildPhase;
			buildActionMask = 2147483647;
			files = (
				43CB45D819C8D0EE0054FD8A /* InfoPlist.strings in Resources */,
			);
			runOnlyForDeploymentPostprocessing = 0;
		};
/* End PBXResourcesBuildPhase section */

/* Begin PBXSourcesBuildPhase section */
		43CB45A419C8D0EE0054FD8A /* Sources */ = {
			isa = PBXSourcesBuildPhase;
			buildActionMask = 2147483647;
			files = (
				E8A2CA491AAE126E00962A08 /* SharedData.m in Sources */,
				432D80671A187610005E9608 /* IASKSpecifier.m in Sources */,
				432D80691A187610005E9608 /* IASKPSSliderSpecifierViewCell.m in Sources */,
				432D80651A187610005E9608 /* IASKSettingsStoreFile.m in Sources */,
				432D80621A187610005E9608 /* IASKSpecifierValuesViewController.m in Sources */,
				432D80631A187610005E9608 /* IASKSettingsReader.m in Sources */,
				E818116519D0F78100D3B5EB /* Log.m in Sources */,
				432D806B1A187610005E9608 /* IASKSlider.m in Sources */,
				E890AB7C1A17F65400750455 /* SpeedMonitorViewController.m in Sources */,
				432D80601A187610005E9608 /* IASKAppSettingsViewController.m in Sources */,
				43CB45BC19C8D0EE0054FD8A /* AppDelegate.m in Sources */,
				432D80611A187610005E9608 /* IASKAppSettingsWebViewController.m in Sources */,
				43CB45B819C8D0EE0054FD8A /* main.m in Sources */,
				E8A2CA461AAE040000962A08 /* LogViewerController.m in Sources */,
				432D806D1A187610005E9608 /* IASKTextField.m in Sources */,
				432D80641A187610005E9608 /* IASKSettingsStore.m in Sources */,
				432D80661A187610005E9608 /* IASKSettingsStoreUserDefaults.m in Sources */,
				E890AB7B1A17F65400750455 /* LogViewController.m in Sources */,
				432D806A1A187610005E9608 /* IASKPSTextFieldSpecifierViewCell.m in Sources */,
				432D806C1A187610005E9608 /* IASKSwitch.m in Sources */,
			);
			runOnlyForDeploymentPostprocessing = 0;
		};
		43CB45C819C8D0EE0054FD8A /* Sources */ = {
			isa = PBXSourcesBuildPhase;
			buildActionMask = 2147483647;
			files = (
				43CB45DA19C8D0EE0054FD8A /* Spoiler_IOSTests.m in Sources */,
			);
			runOnlyForDeploymentPostprocessing = 0;
		};
/* End PBXSourcesBuildPhase section */

/* Begin PBXTargetDependency section */
		43CB45D219C8D0EE0054FD8A /* PBXTargetDependency */ = {
			isa = PBXTargetDependency;
			target = 43CB45A719C8D0EE0054FD8A /* Spoiler_IOS */;
			targetProxy = 43CB45D119C8D0EE0054FD8A /* PBXContainerItemProxy */;
		};
/* End PBXTargetDependency section */

/* Begin PBXVariantGroup section */
		432D80451A187610005E9608 /* IASKLocalizable.strings */ = {
			isa = PBXVariantGroup;
			children = (
				432D80461A187610005E9608 /* Base */,
				432D80471A187610005E9608 /* de */,
				432D80481A187610005E9608 /* el */,
				432D80491A187610005E9608 /* en */,
				432D804A1A187610005E9608 /* es */,
				432D804B1A187610005E9608 /* fr */,
				432D804C1A187610005E9608 /* it */,
				432D804D1A187610005E9608 /* ja */,
				432D804E1A187610005E9608 /* nl */,
				432D804F1A187610005E9608 /* pt-PT */,
				432D80501A187610005E9608 /* pt */,
				432D80511A187610005E9608 /* ru */,
				432D80521A187610005E9608 /* sv */,
				432D80531A187610005E9608 /* th */,
				432D80541A187610005E9608 /* tr */,
			);
			name = IASKLocalizable.strings;
			sourceTree = "<group>";
		};
		43CB45B419C8D0EE0054FD8A /* InfoPlist.strings */ = {
			isa = PBXVariantGroup;
			children = (
				43CB45B519C8D0EE0054FD8A /* en */,
			);
			name = InfoPlist.strings;
			sourceTree = "<group>";
		};
		43CB45BD19C8D0EE0054FD8A /* Main.storyboard */ = {
			isa = PBXVariantGroup;
			children = (
				43CB45BE19C8D0EE0054FD8A /* Base */,
			);
			name = Main.storyboard;
			sourceTree = "<group>";
		};
		43CB45D619C8D0EE0054FD8A /* InfoPlist.strings */ = {
			isa = PBXVariantGroup;
			children = (
				43CB45D719C8D0EE0054FD8A /* en */,
			);
			name = InfoPlist.strings;
			sourceTree = "<group>";
		};
/* End PBXVariantGroup section */

/* Begin XCBuildConfiguration section */
		43CB45DB19C8D0EE0054FD8A /* Debug */ = {
			isa = XCBuildConfiguration;
			buildSettings = {
				ALWAYS_SEARCH_USER_PATHS = NO;
				CLANG_CXX_LANGUAGE_STANDARD = "gnu++0x";
				CLANG_CXX_LIBRARY = "libc++";
				CLANG_ENABLE_MODULES = YES;
				CLANG_ENABLE_OBJC_ARC = YES;
				CLANG_WARN_BOOL_CONVERSION = YES;
				CLANG_WARN_CONSTANT_CONVERSION = YES;
				CLANG_WARN_DIRECT_OBJC_ISA_USAGE = YES_ERROR;
				CLANG_WARN_EMPTY_BODY = YES;
				CLANG_WARN_ENUM_CONVERSION = YES;
				CLANG_WARN_INT_CONVERSION = YES;
				CLANG_WARN_OBJC_ROOT_CLASS = YES_ERROR;
				CLANG_WARN__DUPLICATE_METHOD_MATCH = YES;
				"CODE_SIGN_IDENTITY[sdk=iphoneos*]" = "iPhone Developer";
				COPY_PHASE_STRIP = NO;
				GCC_C_LANGUAGE_STANDARD = gnu99;
				GCC_DYNAMIC_NO_PIC = NO;
				GCC_OPTIMIZATION_LEVEL = 0;
				GCC_PREPROCESSOR_DEFINITIONS = (
					"DEBUG=1",
					"$(inherited)",
				);
				GCC_SYMBOLS_PRIVATE_EXTERN = NO;
				GCC_WARN_64_TO_32_BIT_CONVERSION = YES;
				GCC_WARN_ABOUT_RETURN_TYPE = YES_ERROR;
				GCC_WARN_UNDECLARED_SELECTOR = YES;
				GCC_WARN_UNINITIALIZED_AUTOS = YES_AGGRESSIVE;
				GCC_WARN_UNUSED_FUNCTION = YES;
				GCC_WARN_UNUSED_VARIABLE = YES;
				IPHONEOS_DEPLOYMENT_TARGET = 7.1;
				ONLY_ACTIVE_ARCH = YES;
				SDKROOT = iphoneos;
			};
			name = Debug;
		};
		43CB45DC19C8D0EE0054FD8A /* Release */ = {
			isa = XCBuildConfiguration;
			buildSettings = {
				ALWAYS_SEARCH_USER_PATHS = NO;
				CLANG_CXX_LANGUAGE_STANDARD = "gnu++0x";
				CLANG_CXX_LIBRARY = "libc++";
				CLANG_ENABLE_MODULES = YES;
				CLANG_ENABLE_OBJC_ARC = YES;
				CLANG_WARN_BOOL_CONVERSION = YES;
				CLANG_WARN_CONSTANT_CONVERSION = YES;
				CLANG_WARN_DIRECT_OBJC_ISA_USAGE = YES_ERROR;
				CLANG_WARN_EMPTY_BODY = YES;
				CLANG_WARN_ENUM_CONVERSION = YES;
				CLANG_WARN_INT_CONVERSION = YES;
				CLANG_WARN_OBJC_ROOT_CLASS = YES_ERROR;
				CLANG_WARN__DUPLICATE_METHOD_MATCH = YES;
				"CODE_SIGN_IDENTITY[sdk=iphoneos*]" = "iPhone Developer";
				COPY_PHASE_STRIP = YES;
				ENABLE_NS_ASSERTIONS = NO;
				GCC_C_LANGUAGE_STANDARD = gnu99;
				GCC_WARN_64_TO_32_BIT_CONVERSION = YES;
				GCC_WARN_ABOUT_RETURN_TYPE = YES_ERROR;
				GCC_WARN_UNDECLARED_SELECTOR = YES;
				GCC_WARN_UNINITIALIZED_AUTOS = YES_AGGRESSIVE;
				GCC_WARN_UNUSED_FUNCTION = YES;
				GCC_WARN_UNUSED_VARIABLE = YES;
				IPHONEOS_DEPLOYMENT_TARGET = 7.1;
				SDKROOT = iphoneos;
				VALIDATE_PRODUCT = YES;
			};
			name = Release;
		};
		43CB45DE19C8D0EE0054FD8A /* Debug */ = {
			isa = XCBuildConfiguration;
			buildSettings = {
				ASSETCATALOG_COMPILER_APPICON_NAME = AppIcon;
				ASSETCATALOG_COMPILER_LAUNCHIMAGE_NAME = LaunchImage;
				GCC_PRECOMPILE_PREFIX_HEADER = YES;
				GCC_PREFIX_HEADER = "Spoiler_IOS/Spoiler_IOS-Prefix.pch";
				INFOPLIST_FILE = "Spoiler_IOS/Spoiler_IOS-Info.plist";
				PRODUCT_NAME = "$(TARGET_NAME)";
				WRAPPER_EXTENSION = app;
			};
			name = Debug;
		};
		43CB45DF19C8D0EE0054FD8A /* Release */ = {
			isa = XCBuildConfiguration;
			buildSettings = {
				ASSETCATALOG_COMPILER_APPICON_NAME = AppIcon;
				ASSETCATALOG_COMPILER_LAUNCHIMAGE_NAME = LaunchImage;
				GCC_PRECOMPILE_PREFIX_HEADER = YES;
				GCC_PREFIX_HEADER = "Spoiler_IOS/Spoiler_IOS-Prefix.pch";
				INFOPLIST_FILE = "Spoiler_IOS/Spoiler_IOS-Info.plist";
				PRODUCT_NAME = "$(TARGET_NAME)";
				WRAPPER_EXTENSION = app;
			};
			name = Release;
		};
		43CB45E119C8D0EE0054FD8A /* Debug */ = {
			isa = XCBuildConfiguration;
			buildSettings = {
				BUNDLE_LOADER = "$(BUILT_PRODUCTS_DIR)/Spoiler_IOS.app/Spoiler_IOS";
				FRAMEWORK_SEARCH_PATHS = (
					"$(SDKROOT)/Developer/Library/Frameworks",
					"$(inherited)",
					"$(DEVELOPER_FRAMEWORKS_DIR)",
				);
				GCC_PRECOMPILE_PREFIX_HEADER = YES;
				GCC_PREFIX_HEADER = "Spoiler_IOS/Spoiler_IOS-Prefix.pch";
				GCC_PREPROCESSOR_DEFINITIONS = (
					"DEBUG=1",
					"$(inherited)",
				);
				INFOPLIST_FILE = "Spoiler_IOSTests/Spoiler_IOSTests-Info.plist";
				PRODUCT_NAME = "$(TARGET_NAME)";
				TEST_HOST = "$(BUNDLE_LOADER)";
				WRAPPER_EXTENSION = xctest;
			};
			name = Debug;
		};
		43CB45E219C8D0EE0054FD8A /* Release */ = {
			isa = XCBuildConfiguration;
			buildSettings = {
				BUNDLE_LOADER = "$(BUILT_PRODUCTS_DIR)/Spoiler_IOS.app/Spoiler_IOS";
				FRAMEWORK_SEARCH_PATHS = (
					"$(SDKROOT)/Developer/Library/Frameworks",
					"$(inherited)",
					"$(DEVELOPER_FRAMEWORKS_DIR)",
				);
				GCC_PRECOMPILE_PREFIX_HEADER = YES;
				GCC_PREFIX_HEADER = "Spoiler_IOS/Spoiler_IOS-Prefix.pch";
				INFOPLIST_FILE = "Spoiler_IOSTests/Spoiler_IOSTests-Info.plist";
				PRODUCT_NAME = "$(TARGET_NAME)";
				TEST_HOST = "$(BUNDLE_LOADER)";
				WRAPPER_EXTENSION = xctest;
			};
			name = Release;
		};
/* End XCBuildConfiguration section */

/* Begin XCConfigurationList section */
		43CB45A319C8D0EE0054FD8A /* Build configuration list for PBXProject "Spoiler_IOS" */ = {
			isa = XCConfigurationList;
			buildConfigurations = (
				43CB45DB19C8D0EE0054FD8A /* Debug */,
				43CB45DC19C8D0EE0054FD8A /* Release */,
			);
			defaultConfigurationIsVisible = 0;
			defaultConfigurationName = Release;
		};
		43CB45DD19C8D0EE0054FD8A /* Build configuration list for PBXNativeTarget "Spoiler_IOS" */ = {
			isa = XCConfigurationList;
			buildConfigurations = (
				43CB45DE19C8D0EE0054FD8A /* Debug */,
				43CB45DF19C8D0EE0054FD8A /* Release */,
			);
			defaultConfigurationIsVisible = 0;
			defaultConfigurationName = Release;
		};
		43CB45E019C8D0EE0054FD8A /* Build configuration list for PBXNativeTarget "Spoiler_IOSTests" */ = {
			isa = XCConfigurationList;
			buildConfigurations = (
				43CB45E119C8D0EE0054FD8A /* Debug */,
				43CB45E219C8D0EE0054FD8A /* Release */,
			);
			defaultConfigurationIsVisible = 0;
			defaultConfigurationName = Release;
		};
/* End XCConfigurationList section */
	};
	rootObject = 43CB45A019C8D0EE0054FD8A /* Project object */;
}
