// !$*UTF8*$!
{
	archiveVersion = 1;
	classes = {
	};
	objectVersion = 46;
	objects = {

/* Begin PBXBuildFile section */
		43CB45AC19C8D0EE0054FD8A /* Foundation.framework in Frameworks */ = {isa = PBXBuildFile; fileRef = 43CB45AB19C8D0EE0054FD8A /* Foundation.framework */; };
		43CB45AE19C8D0EE0054FD8A /* CoreGraphics.framework in Frameworks */ = {isa = PBXBuildFile; fileRef = 43CB45AD19C8D0EE0054FD8A /* CoreGraphics.framework */; };
		43CB45B019C8D0EE0054FD8A /* UIKit.framework in Frameworks */ = {isa = PBXBuildFile; fileRef = 43CB45AF19C8D0EE0054FD8A /* UIKit.framework */; };
		43CB45B619C8D0EE0054FD8A /* InfoPlist.strings in Resources */ = {isa = PBXBuildFile; fileRef = 43CB45B419C8D0EE0054FD8A /* InfoPlist.strings */; };
		43CB45B819C8D0EE0054FD8A /* main.m in Sources */ = {isa = PBXBuildFile; fileRef = 43CB45B719C8D0EE0054FD8A /* main.m */; };
		43CB45BC19C8D0EE0054FD8A /* AppDelegate.m in Sources */ = {isa = PBXBuildFile; fileRef = 43CB45BB19C8D0EE0054FD8A /* AppDelegate.m */; };
		43CB45BF19C8D0EE0054FD8A /* Main.storyboard in Resources */ = {isa = PBXBuildFile; fileRef = 43CB45BD19C8D0EE0054FD8A /* Main.storyboard */; };
		43CB45C719C8D0EE0054FD8A /* Images.xcassets in Resources */ = {isa = PBXBuildFile; fileRef = 43CB45C619C8D0EE0054FD8A /* Images.xcassets */; };
		43CB45CE19C8D0EE0054FD8A /* XCTest.framework in Frameworks */ = {isa = PBXBuildFile; fileRef = 43CB45CD19C8D0EE0054FD8A /* XCTest.framework */; };
		43CB45CF19C8D0EE0054FD8A /* Foundation.framework in Frameworks */ = {isa = PBXBuildFile; fileRef = 43CB45AB19C8D0EE0054FD8A /* Foundation.framework */; };
		43CB45D019C8D0EE0054FD8A /* UIKit.framework in Frameworks */ = {isa = PBXBuildFile; fileRef = 43CB45AF19C8D0EE0054FD8A /* UIKit.framework */; };
		43CB45D819C8D0EE0054FD8A /* InfoPlist.strings in Resources */ = {isa = PBXBuildFile; fileRef = 43CB45D619C8D0EE0054FD8A /* InfoPlist.strings */; };
		43CB45DA19C8D0EE0054FD8A /* Spoiler_IOSTests.m in Sources */ = {isa = PBXBuildFile; fileRef = 43CB45D919C8D0EE0054FD8A /* Spoiler_IOSTests.m */; };
		E818116519D0F78100D3B5EB /* Log.m in Sources */ = {isa = PBXBuildFile; fileRef = E818116419D0F78100D3B5EB /* Log.m */; };
		E890AB7B1A17F65400750455 /* LogViewController.m in Sources */ = {isa = PBXBuildFile; fileRef = E890AB781A17F65400750455 /* LogViewController.m */; };
		E890AB7C1A17F65400750455 /* SpeedMonitorViewController.m in Sources */ = {isa = PBXBuildFile; fileRef = E890AB7A1A17F65400750455 /* SpeedMonitorViewController.m */; };
/* End PBXBuildFile section */

/* Begin PBXContainerItemProxy section */
		43CB45D119C8D0EE0054FD8A /* PBXContainerItemProxy */ = {
			isa = PBXContainerItemProxy;
			containerPortal = 43CB45A019C8D0EE0054FD8A /* Project object */;
			proxyType = 1;
			remoteGlobalIDString = 43CB45A719C8D0EE0054FD8A;
			remoteInfo = Spoiler_IOS;
		};
/* End PBXContainerItemProxy section */

/* Begin PBXFileReference section */
		43CB45A819C8D0EE0054FD8A /* Spoiler_IOS.app */ = {isa = PBXFileReference; explicitFileType = wrapper.application; includeInIndex = 0; path = Spoiler_IOS.app; sourceTree = BUILT_PRODUCTS_DIR; };
		43CB45AB19C8D0EE0054FD8A /* Foundation.framework */ = {isa = PBXFileReference; lastKnownFileType = wrapper.framework; name = Foundation.framework; path = System/Library/Frameworks/Foundation.framework; sourceTree = SDKROOT; };
		43CB45AD19C8D0EE0054FD8A /* CoreGraphics.framework */ = {isa = PBXFileReference; lastKnownFileType = wrapper.framework; name = CoreGraphics.framework; path = System/Library/Frameworks/CoreGraphics.framework; sourceTree = SDKROOT; };
		43CB45AF19C8D0EE0054FD8A /* UIKit.framework */ = {isa = PBXFileReference; lastKnownFileType = wrapper.framework; name = UIKit.framework; path = System/Library/Frameworks/UIKit.framework; sourceTree = SDKROOT; };
		43CB45B319C8D0EE0054FD8A /* Spoiler_IOS-Info.plist */ = {isa = PBXFileReference; lastKnownFileType = text.plist.xml; path = "Spoiler_IOS-Info.plist"; sourceTree = "<group>"; };
		43CB45B519C8D0EE0054FD8A /* en */ = {isa = PBXFileReference; lastKnownFileType = text.plist.strings; name = en; path = en.lproj/InfoPlist.strings; sourceTree = "<group>"; };
		43CB45B719C8D0EE0054FD8A /* main.m */ = {isa = PBXFileReference; lastKnownFileType = sourcecode.c.objc; path = main.m; sourceTree = "<group>"; };
		43CB45B919C8D0EE0054FD8A /* Spoiler_IOS-Prefix.pch */ = {isa = PBXFileReference; lastKnownFileType = sourcecode.c.h; path = "Spoiler_IOS-Prefix.pch"; sourceTree = "<group>"; };
		43CB45BA19C8D0EE0054FD8A /* AppDelegate.h */ = {isa = PBXFileReference; lastKnownFileType = sourcecode.c.h; path = AppDelegate.h; sourceTree = "<group>"; };
		43CB45BB19C8D0EE0054FD8A /* AppDelegate.m */ = {isa = PBXFileReference; lastKnownFileType = sourcecode.c.objc; path = AppDelegate.m; sourceTree = "<group>"; };
		43CB45BE19C8D0EE0054FD8A /* Base */ = {isa = PBXFileReference; lastKnownFileType = file.storyboard; name = Base; path = Base.lproj/Main.storyboard; sourceTree = "<group>"; };
		43CB45C619C8D0EE0054FD8A /* Images.xcassets */ = {isa = PBXFileReference; lastKnownFileType = folder.assetcatalog; path = Images.xcassets; sourceTree = "<group>"; };
		43CB45CC19C8D0EE0054FD8A /* Spoiler_IOSTests.xctest */ = {isa = PBXFileReference; explicitFileType = wrapper.cfbundle; includeInIndex = 0; path = Spoiler_IOSTests.xctest; sourceTree = BUILT_PRODUCTS_DIR; };
		43CB45CD19C8D0EE0054FD8A /* XCTest.framework */ = {isa = PBXFileReference; lastKnownFileType = wrapper.framework; name = XCTest.framework; path = Library/Frameworks/XCTest.framework; sourceTree = DEVELOPER_DIR; };
		43CB45D519C8D0EE0054FD8A /* Spoiler_IOSTests-Info.plist */ = {isa = PBXFileReference; lastKnownFileType = text.plist.xml; path = "Spoiler_IOSTests-Info.plist"; sourceTree = "<group>"; };
		43CB45D719C8D0EE0054FD8A /* en */ = {isa = PBXFileReference; lastKnownFileType = text.plist.strings; name = en; path = en.lproj/InfoPlist.strings; sourceTree = "<group>"; };
		43CB45D919C8D0EE0054FD8A /* Spoiler_IOSTests.m */ = {isa = PBXFileReference; lastKnownFileType = sourcecode.c.objc; path = Spoiler_IOSTests.m; sourceTree = "<group>"; };
		E818116319D0F78100D3B5EB /* Log.h */ = {isa = PBXFileReference; fileEncoding = 4; lastKnownFileType = sourcecode.c.h; path = Log.h; sourceTree = "<group>"; };
		E818116419D0F78100D3B5EB /* Log.m */ = {isa = PBXFileReference; fileEncoding = 4; lastKnownFileType = sourcecode.c.objc; path = Log.m; sourceTree = "<group>"; };
		E890AB771A17F65400750455 /* LogViewController.h */ = {isa = PBXFileReference; fileEncoding = 4; lastKnownFileType = sourcecode.c.h; path = LogViewController.h; sourceTree = "<group>"; };
		E890AB781A17F65400750455 /* LogViewController.m */ = {isa = PBXFileReference; fileEncoding = 4; lastKnownFileType = sourcecode.c.objc; path = LogViewController.m; sourceTree = "<group>"; };
		E890AB791A17F65400750455 /* SpeedMonitorViewController.h */ = {isa = PBXFileReference; fileEncoding = 4; lastKnownFileType = sourcecode.c.h; path = SpeedMonitorViewController.h; sourceTree = "<group>"; };
		E890AB7A1A17F65400750455 /* SpeedMonitorViewController.m */ = {isa = PBXFileReference; fileEncoding = 4; lastKnownFileType = sourcecode.c.objc; path = SpeedMonitorViewController.m; sourceTree = "<group>"; };
/* End PBXFileReference section */

/* Begin PBXFrameworksBuildPhase section */
		43CB45A519C8D0EE0054FD8A /* Frameworks */ = {
			isa = PBXFrameworksBuildPhase;
			buildActionMask = 2147483647;
			files = (
				43CB45AE19C8D0EE0054FD8A /* CoreGraphics.framework in Frameworks */,
				43CB45B019C8D0EE0054FD8A /* UIKit.framework in Frameworks */,
				43CB45AC19C8D0EE0054FD8A /* Foundation.framework in Frameworks */,
			);
			runOnlyForDeploymentPostprocessing = 0;
		};
		43CB45C919C8D0EE0054FD8A /* Frameworks */ = {
			isa = PBXFrameworksBuildPhase;
			buildActionMask = 2147483647;
			files = (
				43CB45CE19C8D0EE0054FD8A /* XCTest.framework in Frameworks */,
				43CB45D019C8D0EE0054FD8A /* UIKit.framework in Frameworks */,
				43CB45CF19C8D0EE0054FD8A /* Foundation.framework in Frameworks */,
			);
			runOnlyForDeploymentPostprocessing = 0;
		};
/* End PBXFrameworksBuildPhase section */

/* Begin PBXGroup section */
		43CB459F19C8D0EE0054FD8A = {
			isa = PBXGroup;
			children = (
				43CB45B119C8D0EE0054FD8A /* Spoiler_IOS */,
				43CB45D319C8D0EE0054FD8A /* Spoiler_IOSTests */,
				43CB45AA19C8D0EE0054FD8A /* Frameworks */,
				43CB45A919C8D0EE0054FD8A /* Products */,
			);
			sourceTree = "<group>";
		};
		43CB45A919C8D0EE0054FD8A /* Products */ = {
			isa = PBXGroup;
			children = (
				43CB45A819C8D0EE0054FD8A /* Spoiler_IOS.app */,
				43CB45CC19C8D0EE0054FD8A /* Spoiler_IOSTests.xctest */,
			);
			name = Products;
			sourceTree = "<group>";
		};
		43CB45AA19C8D0EE0054FD8A /* Frameworks */ = {
			isa = PBXGroup;
			children = (
				43CB45AB19C8D0EE0054FD8A /* Foundation.framework */,
				43CB45AD19C8D0EE0054FD8A /* CoreGraphics.framework */,
				43CB45AF19C8D0EE0054FD8A /* UIKit.framework */,
				43CB45CD19C8D0EE0054FD8A /* XCTest.framework */,
			);
			name = Frameworks;
			sourceTree = "<group>";
		};
		43CB45B119C8D0EE0054FD8A /* Spoiler_IOS */ = {
			isa = PBXGroup;
			children = (
				E890AB771A17F65400750455 /* LogViewController.h */,
				E890AB781A17F65400750455 /* LogViewController.m */,
				E890AB791A17F65400750455 /* SpeedMonitorViewController.h */,
				E890AB7A1A17F65400750455 /* SpeedMonitorViewController.m */,
				43CB45BA19C8D0EE0054FD8A /* AppDelegate.h */,
				43CB45BB19C8D0EE0054FD8A /* AppDelegate.m */,
				43CB45BD19C8D0EE0054FD8A /* Main.storyboard */,
				43CB45C619C8D0EE0054FD8A /* Images.xcassets */,
				43CB45B219C8D0EE0054FD8A /* Supporting Files */,
				E818116319D0F78100D3B5EB /* Log.h */,
				E818116419D0F78100D3B5EB /* Log.m */,
			);
			path = Spoiler_IOS;
			sourceTree = "<group>";
		};
		43CB45B219C8D0EE0054FD8A /* Supporting Files */ = {
			isa = PBXGroup;
			children = (
				43CB45B319C8D0EE0054FD8A /* Spoiler_IOS-Info.plist */,
				43CB45B419C8D0EE0054FD8A /* InfoPlist.strings */,
				43CB45B719C8D0EE0054FD8A /* main.m */,
				43CB45B919C8D0EE0054FD8A /* Spoiler_IOS-Prefix.pch */,
			);
			name = "Supporting Files";
			sourceTree = "<group>";
		};
		43CB45D319C8D0EE0054FD8A /* Spoiler_IOSTests */ = {
			isa = PBXGroup;
			children = (
				43CB45D919C8D0EE0054FD8A /* Spoiler_IOSTests.m */,
				43CB45D419C8D0EE0054FD8A /* Supporting Files */,
			);
			path = Spoiler_IOSTests;
			sourceTree = "<group>";
		};
		43CB45D419C8D0EE0054FD8A /* Supporting Files */ = {
			isa = PBXGroup;
			children = (
				43CB45D519C8D0EE0054FD8A /* Spoiler_IOSTests-Info.plist */,
				43CB45D619C8D0EE0054FD8A /* InfoPlist.strings */,
			);
			name = "Supporting Files";
			sourceTree = "<group>";
		};
/* End PBXGroup section */

/* Begin PBXNativeTarget section */
		43CB45A719C8D0EE0054FD8A /* Spoiler_IOS */ = {
			isa = PBXNativeTarget;
			buildConfigurationList = 43CB45DD19C8D0EE0054FD8A /* Build configuration list for PBXNativeTarget "Spoiler_IOS" */;
			buildPhases = (
				43CB45A419C8D0EE0054FD8A /* Sources */,
				43CB45A519C8D0EE0054FD8A /* Frameworks */,
				43CB45A619C8D0EE0054FD8A /* Resources */,
			);
			buildRules = (
			);
			dependencies = (
			);
			name = Spoiler_IOS;
			productName = Spoiler_IOS;
			productReference = 43CB45A819C8D0EE0054FD8A /* Spoiler_IOS.app */;
			productType = "com.apple.product-type.application";
		};
		43CB45CB19C8D0EE0054FD8A /* Spoiler_IOSTests */ = {
			isa = PBXNativeTarget;
			buildConfigurationList = 43CB45E019C8D0EE0054FD8A /* Build configuration list for PBXNativeTarget "Spoiler_IOSTests" */;
			buildPhases = (
				43CB45C819C8D0EE0054FD8A /* Sources */,
				43CB45C919C8D0EE0054FD8A /* Frameworks */,
				43CB45CA19C8D0EE0054FD8A /* Resources */,
			);
			buildRules = (
			);
			dependencies = (
				43CB45D219C8D0EE0054FD8A /* PBXTargetDependency */,
			);
			name = Spoiler_IOSTests;
			productName = Spoiler_IOSTests;
			productReference = 43CB45CC19C8D0EE0054FD8A /* Spoiler_IOSTests.xctest */;
			productType = "com.apple.product-type.bundle.unit-test";
		};
/* End PBXNativeTarget section */

/* Begin PBXProject section */
		43CB45A019C8D0EE0054FD8A /* Project object */ = {
			isa = PBXProject;
			attributes = {
				LastUpgradeCheck = 0510;
				ORGANIZATIONNAME = Spoiler;
				TargetAttributes = {
					43CB45CB19C8D0EE0054FD8A = {
						TestTargetID = 43CB45A719C8D0EE0054FD8A;
					};
				};
			};
			buildConfigurationList = 43CB45A319C8D0EE0054FD8A /* Build configuration list for PBXProject "Spoiler_IOS" */;
			compatibilityVersion = "Xcode 3.2";
			developmentRegion = English;
			hasScannedForEncodings = 0;
			knownRegions = (
				en,
				Base,
			);
			mainGroup = 43CB459F19C8D0EE0054FD8A;
			productRefGroup = 43CB45A919C8D0EE0054FD8A /* Products */;
			projectDirPath = "";
			projectRoot = "";
			targets = (
				43CB45A719C8D0EE0054FD8A /* Spoiler_IOS */,
				43CB45CB19C8D0EE0054FD8A /* Spoiler_IOSTests */,
			);
		};
/* End PBXProject section */

/* Begin PBXResourcesBuildPhase section */
		43CB45A619C8D0EE0054FD8A /* Resources */ = {
			isa = PBXResourcesBuildPhase;
			buildActionMask = 2147483647;
			files = (
				43CB45C719C8D0EE0054FD8A /* Images.xcassets in Resources */,
				43CB45B619C8D0EE0054FD8A /* InfoPlist.strings in Resources */,
				43CB45BF19C8D0EE0054FD8A /* Main.storyboard in Resources */,
			);
			runOnlyForDeploymentPostprocessing = 0;
		};
		43CB45CA19C8D0EE0054FD8A /* Resources */ = {
			isa = PBXResourcesBuildPhase;
			buildActionMask = 2147483647;
			files = (
				43CB45D819C8D0EE0054FD8A /* InfoPlist.strings in Resources */,
			);
			runOnlyForDeploymentPostprocessing = 0;
		};
/* End PBXResourcesBuildPhase section */

/* Begin PBXSourcesBuildPhase section */
		43CB45A419C8D0EE0054FD8A /* Sources */ = {
			isa = PBXSourcesBuildPhase;
			buildActionMask = 2147483647;
			files = (
				E818116519D0F78100D3B5EB /* Log.m in Sources */,
				E890AB7C1A17F65400750455 /* SpeedMonitorViewController.m in Sources */,
				43CB45BC19C8D0EE0054FD8A /* AppDelegate.m in Sources */,
				43CB45B819C8D0EE0054FD8A /* main.m in Sources */,
				E890AB7B1A17F65400750455 /* LogViewController.m in Sources */,
			);
			runOnlyForDeploymentPostprocessing = 0;
		};
		43CB45C819C8D0EE0054FD8A /* Sources */ = {
			isa = PBXSourcesBuildPhase;
			buildActionMask = 2147483647;
			files = (
				43CB45DA19C8D0EE0054FD8A /* Spoiler_IOSTests.m in Sources */,
			);
			runOnlyForDeploymentPostprocessing = 0;
		};
/* End PBXSourcesBuildPhase section */

/* Begin PBXTargetDependency section */
		43CB45D219C8D0EE0054FD8A /* PBXTargetDependency */ = {
			isa = PBXTargetDependency;
			target = 43CB45A719C8D0EE0054FD8A /* Spoiler_IOS */;
			targetProxy = 43CB45D119C8D0EE0054FD8A /* PBXContainerItemProxy */;
		};
/* End PBXTargetDependency section */

/* Begin PBXVariantGroup section */
		43CB45B419C8D0EE0054FD8A /* InfoPlist.strings */ = {
			isa = PBXVariantGroup;
			children = (
				43CB45B519C8D0EE0054FD8A /* en */,
			);
			name = InfoPlist.strings;
			sourceTree = "<group>";
		};
		43CB45BD19C8D0EE0054FD8A /* Main.storyboard */ = {
			isa = PBXVariantGroup;
			children = (
				43CB45BE19C8D0EE0054FD8A /* Base */,
			);
			name = Main.storyboard;
			sourceTree = "<group>";
		};
		43CB45D619C8D0EE0054FD8A /* InfoPlist.strings */ = {
			isa = PBXVariantGroup;
			children = (
				43CB45D719C8D0EE0054FD8A /* en */,
			);
			name = InfoPlist.strings;
			sourceTree = "<group>";
		};
/* End PBXVariantGroup section */

/* Begin XCBuildConfiguration section */
		43CB45DB19C8D0EE0054FD8A /* Debug */ = {
			isa = XCBuildConfiguration;
			buildSettings = {
				ALWAYS_SEARCH_USER_PATHS = NO;
				CLANG_CXX_LANGUAGE_STANDARD = "gnu++0x";
				CLANG_CXX_LIBRARY = "libc++";
				CLANG_ENABLE_MODULES = YES;
				CLANG_ENABLE_OBJC_ARC = YES;
				CLANG_WARN_BOOL_CONVERSION = YES;
				CLANG_WARN_CONSTANT_CONVERSION = YES;
				CLANG_WARN_DIRECT_OBJC_ISA_USAGE = YES_ERROR;
				CLANG_WARN_EMPTY_BODY = YES;
				CLANG_WARN_ENUM_CONVERSION = YES;
				CLANG_WARN_INT_CONVERSION = YES;
				CLANG_WARN_OBJC_ROOT_CLASS = YES_ERROR;
				CLANG_WARN__DUPLICATE_METHOD_MATCH = YES;
				"CODE_SIGN_IDENTITY[sdk=iphoneos*]" = "iPhone Developer";
				COPY_PHASE_STRIP = NO;
				GCC_C_LANGUAGE_STANDARD = gnu99;
				GCC_DYNAMIC_NO_PIC = NO;
				GCC_OPTIMIZATION_LEVEL = 0;
				GCC_PREPROCESSOR_DEFINITIONS = (
					"DEBUG=1",
					"$(inherited)",
				);
				GCC_SYMBOLS_PRIVATE_EXTERN = NO;
				GCC_WARN_64_TO_32_BIT_CONVERSION = YES;
				GCC_WARN_ABOUT_RETURN_TYPE = YES_ERROR;
				GCC_WARN_UNDECLARED_SELECTOR = YES;
				GCC_WARN_UNINITIALIZED_AUTOS = YES_AGGRESSIVE;
				GCC_WARN_UNUSED_FUNCTION = YES;
				GCC_WARN_UNUSED_VARIABLE = YES;
				IPHONEOS_DEPLOYMENT_TARGET = 7.1;
				ONLY_ACTIVE_ARCH = YES;
				SDKROOT = iphoneos;
			};
			name = Debug;
		};
		43CB45DC19C8D0EE0054FD8A /* Release */ = {
			isa = XCBuildConfiguration;
			buildSettings = {
				ALWAYS_SEARCH_USER_PATHS = NO;
				CLANG_CXX_LANGUAGE_STANDARD = "gnu++0x";
				CLANG_CXX_LIBRARY = "libc++";
				CLANG_ENABLE_MODULES = YES;
				CLANG_ENABLE_OBJC_ARC = YES;
				CLANG_WARN_BOOL_CONVERSION = YES;
				CLANG_WARN_CONSTANT_CONVERSION = YES;
				CLANG_WARN_DIRECT_OBJC_ISA_USAGE = YES_ERROR;
				CLANG_WARN_EMPTY_BODY = YES;
				CLANG_WARN_ENUM_CONVERSION = YES;
				CLANG_WARN_INT_CONVERSION = YES;
				CLANG_WARN_OBJC_ROOT_CLASS = YES_ERROR;
				CLANG_WARN__DUPLICATE_METHOD_MATCH = YES;
				"CODE_SIGN_IDENTITY[sdk=iphoneos*]" = "iPhone Developer";
				COPY_PHASE_STRIP = YES;
				ENABLE_NS_ASSERTIONS = NO;
				GCC_C_LANGUAGE_STANDARD = gnu99;
				GCC_WARN_64_TO_32_BIT_CONVERSION = YES;
				GCC_WARN_ABOUT_RETURN_TYPE = YES_ERROR;
				GCC_WARN_UNDECLARED_SELECTOR = YES;
				GCC_WARN_UNINITIALIZED_AUTOS = YES_AGGRESSIVE;
				GCC_WARN_UNUSED_FUNCTION = YES;
				GCC_WARN_UNUSED_VARIABLE = YES;
				IPHONEOS_DEPLOYMENT_TARGET = 7.1;
				SDKROOT = iphoneos;
				VALIDATE_PRODUCT = YES;
			};
			name = Release;
		};
		43CB45DE19C8D0EE0054FD8A /* Debug */ = {
			isa = XCBuildConfiguration;
			buildSettings = {
				ASSETCATALOG_COMPILER_APPICON_NAME = AppIcon;
				ASSETCATALOG_COMPILER_LAUNCHIMAGE_NAME = LaunchImage;
				GCC_PRECOMPILE_PREFIX_HEADER = YES;
				GCC_PREFIX_HEADER = "Spoiler_IOS/Spoiler_IOS-Prefix.pch";
				INFOPLIST_FILE = "Spoiler_IOS/Spoiler_IOS-Info.plist";
				PRODUCT_NAME = "$(TARGET_NAME)";
				WRAPPER_EXTENSION = app;
			};
			name = Debug;
		};
		43CB45DF19C8D0EE0054FD8A /* Release */ = {
			isa = XCBuildConfiguration;
			buildSettings = {
				ASSETCATALOG_COMPILER_APPICON_NAME = AppIcon;
				ASSETCATALOG_COMPILER_LAUNCHIMAGE_NAME = LaunchImage;
				GCC_PRECOMPILE_PREFIX_HEADER = YES;
				GCC_PREFIX_HEADER = "Spoiler_IOS/Spoiler_IOS-Prefix.pch";
				INFOPLIST_FILE = "Spoiler_IOS/Spoiler_IOS-Info.plist";
				PRODUCT_NAME = "$(TARGET_NAME)";
				WRAPPER_EXTENSION = app;
			};
			name = Release;
		};
		43CB45E119C8D0EE0054FD8A /* Debug */ = {
			isa = XCBuildConfiguration;
			buildSettings = {
				BUNDLE_LOADER = "$(BUILT_PRODUCTS_DIR)/Spoiler_IOS.app/Spoiler_IOS";
				FRAMEWORK_SEARCH_PATHS = (
					"$(SDKROOT)/Developer/Library/Frameworks",
					"$(inherited)",
					"$(DEVELOPER_FRAMEWORKS_DIR)",
				);
				GCC_PRECOMPILE_PREFIX_HEADER = YES;
				GCC_PREFIX_HEADER = "Spoiler_IOS/Spoiler_IOS-Prefix.pch";
				GCC_PREPROCESSOR_DEFINITIONS = (
					"DEBUG=1",
					"$(inherited)",
				);
				INFOPLIST_FILE = "Spoiler_IOSTests/Spoiler_IOSTests-Info.plist";
				PRODUCT_NAME = "$(TARGET_NAME)";
				TEST_HOST = "$(BUNDLE_LOADER)";
				WRAPPER_EXTENSION = xctest;
			};
			name = Debug;
		};
		43CB45E219C8D0EE0054FD8A /* Release */ = {
			isa = XCBuildConfiguration;
			buildSettings = {
				BUNDLE_LOADER = "$(BUILT_PRODUCTS_DIR)/Spoiler_IOS.app/Spoiler_IOS";
				FRAMEWORK_SEARCH_PATHS = (
					"$(SDKROOT)/Developer/Library/Frameworks",
					"$(inherited)",
					"$(DEVELOPER_FRAMEWORKS_DIR)",
				);
				GCC_PRECOMPILE_PREFIX_HEADER = YES;
				GCC_PREFIX_HEADER = "Spoiler_IOS/Spoiler_IOS-Prefix.pch";
				INFOPLIST_FILE = "Spoiler_IOSTests/Spoiler_IOSTests-Info.plist";
				PRODUCT_NAME = "$(TARGET_NAME)";
				TEST_HOST = "$(BUNDLE_LOADER)";
				WRAPPER_EXTENSION = xctest;
			};
			name = Release;
		};
/* End XCBuildConfiguration section */

/* Begin XCConfigurationList section */
		43CB45A319C8D0EE0054FD8A /* Build configuration list for PBXProject "Spoiler_IOS" */ = {
			isa = XCConfigurationList;
			buildConfigurations = (
				43CB45DB19C8D0EE0054FD8A /* Debug */,
				43CB45DC19C8D0EE0054FD8A /* Release */,
			);
			defaultConfigurationIsVisible = 0;
			defaultConfigurationName = Release;
		};
		43CB45DD19C8D0EE0054FD8A /* Build configuration list for PBXNativeTarget "Spoiler_IOS" */ = {
			isa = XCConfigurationList;
			buildConfigurations = (
				43CB45DE19C8D0EE0054FD8A /* Debug */,
				43CB45DF19C8D0EE0054FD8A /* Release */,
			);
			defaultConfigurationIsVisible = 0;
			defaultConfigurationName = Release;
		};
		43CB45E019C8D0EE0054FD8A /* Build configuration list for PBXNativeTarget "Spoiler_IOSTests" */ = {
			isa = XCConfigurationList;
			buildConfigurations = (
				43CB45E119C8D0EE0054FD8A /* Debug */,
				43CB45E219C8D0EE0054FD8A /* Release */,
			);
			defaultConfigurationIsVisible = 0;
			defaultConfigurationName = Release;
		};
/* End XCConfigurationList section */
	};
	rootObject = 43CB45A019C8D0EE0054FD8A /* Project object */;
}
